
Microsoft Visual Studio Solution File, Format Version 12.00
Project("{FAE04EC0-301F-11D3-BF4B-00C04F79EFBC}") = "CRUDApi", "src\Presentation\CRUDApi\CRUDApi.csproj", "{E0398C38-CBE6-476C-99B5-E1A52E3FE516}"
EndProject
Project("{2150E333-8FDC-42A3-9474-1A3956D46DE8}") = "src", "src", "{CBC43A65-DE13-4000-959D-CBA10CFFAFCA}"
EndProject
Project("{2150E333-8FDC-42A3-9474-1A3956D46DE8}") = "Presentation", "Presentation", "{781D19DF-14ED-43CB-8759-12F8515C961F}"
EndProject
Project("{2150E333-8FDC-42A3-9474-1A3956D46DE8}") = "IoC", "IoC", "{B2D57C66-F332-43D8-A7A2-5F5E8378E065}"
EndProject
Project("{2150E333-8FDC-42A3-9474-1A3956D46DE8}") = "Infrastructure", "Infrastructure", "{D20D9D65-9B92-4D28-990A-6DAD507D134A}"
EndProject
Project("{2150E333-8FDC-42A3-9474-1A3956D46DE8}") = "Core", "Core", "{D8D73277-3C30-449B-B045-4DBA37F99205}"
EndProject
Project("{FAE04EC0-301F-11D3-BF4B-00C04F79EFBC}") = "Domain", "src\Core\Domain\Domain.csproj", "{469BF859-B76C-4AEF-848E-D461753DD36B}"
EndProject
Project("{FAE04EC0-301F-11D3-BF4B-00C04F79EFBC}") = "Persistence", "src\Infrastructure\Persistence\Persistence.csproj", "{FA695DDE-0DDE-470F-9908-96475565631A}"
EndProject
Project("{FAE04EC0-301F-11D3-BF4B-00C04F79EFBC}") = "IoC", "src\IoC\IoC\IoC.csproj", "{CBC84907-65C6-42E4-8B6A-0558CE71316F}"
EndProject
Project("{FAE04EC0-301F-11D3-BF4B-00C04F79EFBC}") = "Application", "src\Core\Application\Application.csproj", "{BA2DE961-8223-4519-85E7-364A39B810ED}"
EndProject
Project("{FAE04EC0-301F-11D3-BF4B-00C04F79EFBC}") = "Controllers", "src\Presentation\Controllers\Controllers.csproj", "{D72EC909-CF7F-4082-BBB9-6922DCAB9D0F}"
EndProject
Global
	GlobalSection(SolutionConfigurationPlatforms) = preSolution
		Debug|Any CPU = Debug|Any CPU
		Release|Any CPU = Release|Any CPU
	EndGlobalSection
	GlobalSection(ProjectConfigurationPlatforms) = postSolution
		{E0398C38-CBE6-476C-99B5-E1A52E3FE516}.Debug|Any CPU.ActiveCfg = Debug|Any CPU
		{E0398C38-CBE6-476C-99B5-E1A52E3FE516}.Debug|Any CPU.Build.0 = Debug|Any CPU
		{E0398C38-CBE6-476C-99B5-E1A52E3FE516}.Release|Any CPU.ActiveCfg = Release|Any CPU
		{E0398C38-CBE6-476C-99B5-E1A52E3FE516}.Release|Any CPU.Build.0 = Release|Any CPU
		{469BF859-B76C-4AEF-848E-D461753DD36B}.Debug|Any CPU.ActiveCfg = Debug|Any CPU
		{469BF859-B76C-4AEF-848E-D461753DD36B}.Debug|Any CPU.Build.0 = Debug|Any CPU
		{469BF859-B76C-4AEF-848E-D461753DD36B}.Release|Any CPU.ActiveCfg = Release|Any CPU
		{469BF859-B76C-4AEF-848E-D461753DD36B}.Release|Any CPU.Build.0 = Release|Any CPU
		{FA695DDE-0DDE-470F-9908-96475565631A}.Debug|Any CPU.ActiveCfg = Debug|Any CPU
		{FA695DDE-0DDE-470F-9908-96475565631A}.Debug|Any CPU.Build.0 = Debug|Any CPU
		{FA695DDE-0DDE-470F-9908-96475565631A}.Release|Any CPU.ActiveCfg = Release|Any CPU
		{FA695DDE-0DDE-470F-9908-96475565631A}.Release|Any CPU.Build.0 = Release|Any CPU
		{CBC84907-65C6-42E4-8B6A-0558CE71316F}.Debug|Any CPU.ActiveCfg = Debug|Any CPU
		{CBC84907-65C6-42E4-8B6A-0558CE71316F}.Debug|Any CPU.Build.0 = Debug|Any CPU
		{CBC84907-65C6-42E4-8B6A-0558CE71316F}.Release|Any CPU.ActiveCfg = Release|Any CPU
		{CBC84907-65C6-42E4-8B6A-0558CE71316F}.Release|Any CPU.Build.0 = Release|Any CPU
		{BA2DE961-8223-4519-85E7-364A39B810ED}.Debug|Any CPU.ActiveCfg = Debug|Any CPU
		{BA2DE961-8223-4519-85E7-364A39B810ED}.Debug|Any CPU.Build.0 = Debug|Any CPU
		{BA2DE961-8223-4519-85E7-364A39B810ED}.Release|Any CPU.ActiveCfg = Release|Any CPU
		{BA2DE961-8223-4519-85E7-364A39B810ED}.Release|Any CPU.Build.0 = Release|Any CPU
		{D72EC909-CF7F-4082-BBB9-6922DCAB9D0F}.Debug|Any CPU.ActiveCfg = Debug|Any CPU
		{D72EC909-CF7F-4082-BBB9-6922DCAB9D0F}.Debug|Any CPU.Build.0 = Debug|Any CPU
		{D72EC909-CF7F-4082-BBB9-6922DCAB9D0F}.Release|Any CPU.ActiveCfg = Release|Any CPU
		{D72EC909-CF7F-4082-BBB9-6922DCAB9D0F}.Release|Any CPU.Build.0 = Release|Any CPU
	EndGlobalSection
	GlobalSection(NestedProjects) = preSolution
		{781D19DF-14ED-43CB-8759-12F8515C961F} = {CBC43A65-DE13-4000-959D-CBA10CFFAFCA}
		{E0398C38-CBE6-476C-99B5-E1A52E3FE516} = {781D19DF-14ED-43CB-8759-12F8515C961F}
		{B2D57C66-F332-43D8-A7A2-5F5E8378E065} = {CBC43A65-DE13-4000-959D-CBA10CFFAFCA}
		{D20D9D65-9B92-4D28-990A-6DAD507D134A} = {CBC43A65-DE13-4000-959D-CBA10CFFAFCA}
		{D8D73277-3C30-449B-B045-4DBA37F99205} = {CBC43A65-DE13-4000-959D-CBA10CFFAFCA}
		{469BF859-B76C-4AEF-848E-D461753DD36B} = {D8D73277-3C30-449B-B045-4DBA37F99205}
		{FA695DDE-0DDE-470F-9908-96475565631A} = {D20D9D65-9B92-4D28-990A-6DAD507D134A}
		{CBC84907-65C6-42E4-8B6A-0558CE71316F} = {B2D57C66-F332-43D8-A7A2-5F5E8378E065}
		{BA2DE961-8223-4519-85E7-364A39B810ED} = {D8D73277-3C30-449B-B045-4DBA37F99205}
		{D72EC909-CF7F-4082-BBB9-6922DCAB9D0F} = {781D19DF-14ED-43CB-8759-12F8515C961F}
	EndGlobalSection
EndGlobal
